Microsoft Visual Studio Solution File, Format Version 12.00
# Visual Studio Version 17
VisualStudioVersion = 17.5.2.0
MinimumVisualStudioVersion = 10.0.40219.1
Project("{FAE04EC0-301F-11D3-BF4B-00C04F79EFBC}") = "Api_Sumber_Pasien", "Api_Sumber_Pasien.csproj", "{7488024D-8F69-9959-3215-6417F50C044B}"
EndProject
Global
	GlobalSection(SolutionConfigurationPlatforms) = preSolution
		Debug|Any CPU = Debug|Any CPU
		Release|Any CPU = Release|Any CPU
	EndGlobalSection
	GlobalSection(ProjectConfigurationPlatforms) = postSolution
		{7488024D-8F69-9959-3215-6417F50C044B}.Debug|Any CPU.ActiveCfg = Debug|Any CPU
		{7488024D-8F69-9959-3215-6417F50C044B}.Debug|Any CPU.Build.0 = Debug|Any CPU
		{7488024D-8F69-9959-3215-6417F50C044B}.Release|Any CPU.ActiveCfg = Release|Any CPU
		{7488024D-8F69-9959-3215-6417F50C044B}.Release|Any CPU.Build.0 = Release|Any CPU
	EndGlobalSection
	GlobalSection(SolutionProperties) = preSolution
		HideSolutionNode = FALSE
	EndGlobalSection
	GlobalSection(ExtensibilityGlobals) = postSolution
		SolutionGuid = {7708330A-DF18-46F0-A5EB-DEF89D80266B}
	EndGlobalSection
EndGlobal
